<?xml version="1.0" encoding="utf-8"?>
<Project ToolsVersion="4.0" xmlns="http://schemas.microsoft.com/developer/msbuild/2003">
  <ItemGroup>
    <Filter Include="Quelldateien">
      <UniqueIdentifier>{4FC737F1-C7A5-4376-A066-2A32D752A2FF}</UniqueIdentifier>
      <Extensions>cpp;c;cc;cxx;def;odl;idl;hpj;bat;asm;asmx</Extensions>
    </Filter>
    <Filter Include="Headerdateien">
      <UniqueIdentifier>{93995380-89BD-4b04-88EB-625FBE52EBFB}</UniqueIdentifier>
      <Extensions>h;hpp;hxx;hm;inl;inc;xsd</Extensions>
    </Filter>
    <Filter Include="Ressourcendateien">
      <UniqueIdentifier>{67DA6AB6-F800-4c08-8B7A-83BB121AAD01}</UniqueIdentifier>
      <Extensions>rc;ico;cur;bmp;dlg;rc2;rct;bin;rgs;gif;jpg;jpeg;jpe;resx;tiff;tif;png;wav;mfcribbon-ms</Extensions>
    </Filter>
    <Filter Include="Headerdateien\SDL_image">
      <UniqueIdentifier>{78fc207a-a2a2-4db4-a98f-504dea0fa5c2}</UniqueIdentifier>
    </Filter>
    <Filter Include="Headerdateien\Messaging">
      <UniqueIdentifier>{feb1c4e8-0713-45f7-b70c-3d623355bcde}</UniqueIdentifier>
    </Filter>
  </ItemGroup>
  <ItemGroup>
    <ClCompile Include="Source\Game.cpp">
      <Filter>Quelldateien</Filter>
    </ClCompile>
    <ClCompile Include="Source\main.cpp">
      <Filter>Quelldateien</Filter>
    </ClCompile>
    <ClCompile Include="Source\Physics.cpp">
      <Filter>Quelldateien</Filter>
    </ClCompile>
    <ClCompile Include="Source\PhysicsObject.cpp">
      <Filter>Quelldateien</Filter>
    </ClCompile>
    <ClCompile Include="Source\Player.cpp">
      <Filter>Quelldateien</Filter>
    </ClCompile>
    <ClCompile Include="Source\SpriteHelper.cpp">
      <Filter>Quelldateien</Filter>
    </ClCompile>
    <ClCompile Include="Source\Messenger.cpp">
      <Filter>Quelldateien</Filter>
    </ClCompile>
    <ClCompile Include="Source\IMessageReceiver.cpp">
      <Filter>Quelldateien</Filter>
    </ClCompile>
    <ClCompile Include="Source\Log.cpp">
      <Filter>Quelldateien</Filter>
    </ClCompile>
    <ClCompile Include="Source\CirclePO.cpp">
      <Filter>Quelldateien</Filter>
    </ClCompile>
    <ClCompile Include="Source\RectanglePO.cpp">
      <Filter>Quelldateien</Filter>
    </ClCompile>
    <ClCompile Include="Source\Floor.cpp">
      <Filter>Quelldateien</Filter>
    </ClCompile>
    <ClCompile Include="Source\Dragon.cpp">
      <Filter>Quelldateien</Filter>
    </ClCompile>
  </ItemGroup>
  <ItemGroup>
    <ClInclude Include="Source\sdl_image\SDL_image.h">
      <Filter>Headerdateien\SDL_image</Filter>
    </ClInclude>
    <ClInclude Include="Source\Game.h">
      <Filter>Headerdateien</Filter>
    </ClInclude>
    <ClInclude Include="Source\Physics.h">
      <Filter>Headerdateien</Filter>
    </ClInclude>
    <ClInclude Include="Source\PhysicsObject.h">
      <Filter>Headerdateien</Filter>
    </ClInclude>
    <ClInclude Include="Source\Player.h">
      <Filter>Headerdateien</Filter>
    </ClInclude>
    <ClInclude Include="Source\GameObject.h">
      <Filter>Headerdateien</Filter>
    </ClInclude>
    <ClInclude Include="Source\SpriteHelper.h">
      <Filter>Headerdateien</Filter>
    </ClInclude>
    <ClInclude Include="Source\Messenger.h">
      <Filter>Headerdateien\Messaging</Filter>
    </ClInclude>
    <ClInclude Include="Source\Message.h">
      <Filter>Headerdateien\Messaging</Filter>
    </ClInclude>
    <ClInclude Include="Source\IMessageReceiver.h">
      <Filter>Headerdateien\Messaging</Filter>
    </ClInclude>
    <ClInclude Include="Source\Log.h">
      <Filter>Headerdateien</Filter>
    </ClInclude>
    <ClInclude Include="Source\LogMessage.h">
      <Filter>Headerdateien\Messaging</Filter>
    </ClInclude>
    <ClInclude Include="Source\InputMessage.h">
      <Filter>Headerdateien\Messaging</Filter>
    </ClInclude>
    <ClInclude Include="Source\CirclePO.h">
      <Filter>Headerdateien</Filter>
    </ClInclude>
    <ClInclude Include="Source\CollisionMessage.h">
      <Filter>Headerdateien\Messaging</Filter>
    </ClInclude>
    <ClInclude Include="Source\RectanglePO.h">
      <Filter>Headerdateien</Filter>
    </ClInclude>
    <ClInclude Include="Source\Camera.h">
      <Filter>Headerdateien</Filter>
    </ClInclude>
    <ClInclude Include="Source\Floor.h">
      <Filter>Headerdateien</Filter>
    </ClInclude>
    <ClInclude Include="Source\Dragon.h">
      <Filter>Headerdateien</Filter>
    </ClInclude>
  </ItemGroup>
</Project>